
Microsoft Visual Studio Solution File, Format Version 12.00
# Visual Studio Version 17
VisualStudioVersion = 17.4.33403.182
MinimumVisualStudioVersion = 10.0.40219.1
Project("{9A19103F-16F7-4668-BE54-9A1E7A4F7556}") = "VMTranslatorCore", "VMTranslatorCore.csproj", "{83095EFF-9862-4BCD-8F8C-A5A267615270}"
EndProject
Global
	GlobalSection(SolutionConfigurationPlatforms) = preSolution
		Debug|Any CPU = Debug|Any CPU
		Release|Any CPU = Release|Any CPU
	EndGlobalSection
	GlobalSection(ProjectConfigurationPlatforms) = postSolution
		{83095EFF-9862-4BCD-8F8C-A5A267615270}.Debug|Any CPU.ActiveCfg = Debug|Any CPU
		{83095EFF-9862-4BCD-8F8C-A5A267615270}.Debug|Any CPU.Build.0 = Debug|Any CPU
		{83095EFF-9862-4BCD-8F8C-A5A267615270}.Release|Any CPU.ActiveCfg = Release|Any CPU
		{83095EFF-9862-4BCD-8F8C-A5A267615270}.Release|Any CPU.Build.0 = Release|Any CPU
	EndGlobalSection
	GlobalSection(SolutionProperties) = preSolution
		HideSolutionNode = FALSE
	EndGlobalSection
	GlobalSection(ExtensibilityGlobals) = postSolution
		SolutionGuid = {62A51233-56FB-423C-80A3-7B5FB4698BAC}
	EndGlobalSection
EndGlobal
